
Microsoft Visual Studio Solution File, Format Version 12.00
# Visual Studio Version 17
VisualStudioVersion = 17.14.36414.22 d17.14
MinimumVisualStudioVersion = 10.0.40219.1
Project("{FAE04EC0-301F-11D3-BF4B-00C04F79EFBC}") = "Mnicipality.server", "Mnicipality.server\Mnicipality.server.csproj", "{1E89BF1F-D292-4D4B-B20C-F4F4801C8A41}"
EndProject
Global
	GlobalSection(SolutionConfigurationPlatforms) = preSolution
		Debug|Any CPU = Debug|Any CPU
		Release|Any CPU = Release|Any CPU
	EndGlobalSection
	GlobalSection(ProjectConfigurationPlatforms) = postSolution
		{1E89BF1F-D292-4D4B-B20C-F4F4801C8A41}.Debug|Any CPU.ActiveCfg = Debug|Any CPU
		{1E89BF1F-D292-4D4B-B20C-F4F4801C8A41}.Debug|Any CPU.Build.0 = Debug|Any CPU
		{1E89BF1F-D292-4D4B-B20C-F4F4801C8A41}.Release|Any CPU.ActiveCfg = Release|Any CPU
		{1E89BF1F-D292-4D4B-B20C-F4F4801C8A41}.Release|Any CPU.Build.0 = Release|Any CPU
	EndGlobalSection
	GlobalSection(SolutionProperties) = preSolution
		HideSolutionNode = FALSE
	EndGlobalSection
	GlobalSection(ExtensibilityGlobals) = postSolution
		SolutionGuid = {1256C708-F25E-4207-8E22-C608149D82B7}
	EndGlobalSection
EndGlobal
